{
  "version": 4,
  "terraform_version": "0.12.2",
  "serial": 1001,
  "lineage": "743b0353-be61-2f85-5db6-59980e54b852",
  "outputs": {},
  "resources": [
    {
      "mode": "managed",
      "type": "aws_s3_bucket",
      "name": "s3",
      "provider": "provider.aws",
      "instances": [
        {
          "schema_version": 0,
          "attributes": {
            "acceleration_status": "",
            "acl": "private",
            "arn": "arn:aws:s3:::training-s3-bucket-20190628024302125700000005",
            "bucket": "training-s3-bucket-20190628024302125700000005",
            "bucket_domain_name": "training-s3-bucket-20190628024302125700000005.s3.amazonaws.com",
            "bucket_prefix": "training-s3-bucket-",
            "bucket_regional_domain_name": "training-s3-bucket-20190628024302125700000005.s3.ap-southeast-1.amazonaws.com",
            "cors_rule": [],
            "force_destroy": false,
            "hosted_zone_id": "Z3O0J2DXBE1FTB",
            "id": "training-s3-bucket-20190628024302125700000005",
            "lifecycle_rule": [],
            "logging": [],
            "object_lock_configuration": [],
            "policy": null,
            "region": "ap-southeast-1",
            "replication_configuration": [],
            "request_payer": "BucketOwner",
            "server_side_encryption_configuration": [],
            "tags": {},
            "versioning": [
              {
                "enabled": false,
                "mfa_delete": false
              }
            ],
            "website": [],
            "website_domain": null,
            "website_endpoint": null
          }
        }
      ]
    }
  ]
}
