{
  "version": 4,
  "terraform_version": "0.12.2",
  "serial": 54,
  "lineage": "231890a4-d90e-c120-11d5-c311069ada87",
  "outputs": {},
  "resources": [
    {
      "mode": "managed",
      "type": "aws_codedeploy_app",
      "name": "app",
      "provider": "provider.aws",
      "instances": [
        {
          "schema_version": 0,
          "attributes": {
            "compute_platform": "Server",
            "id": "75ea56a0-7005-4812-a30a-810f8afa2081:training-codedeploy-app",
            "name": "training-codedeploy-app",
            "unique_id": null
          }
        }
      ]
    },
    {
      "mode": "managed",
      "type": "aws_codedeploy_deployment_group",
      "name": "group",
      "provider": "provider.aws",
      "instances": [
        {
          "schema_version": 0,
          "attributes": {
            "alarm_configuration": [],
            "app_name": "training-codedeploy-app",
            "auto_rollback_configuration": [],
            "autoscaling_groups": null,
            "blue_green_deployment_config": [],
            "deployment_config_name": "CodeDeployDefault.OneAtATime",
            "deployment_group_name": "master",
            "deployment_style": [
              {
                "deployment_option": "WITHOUT_TRAFFIC_CONTROL",
                "deployment_type": "IN_PLACE"
              }
            ],
            "ec2_tag_filter": [],
            "ec2_tag_set": [],
            "ecs_service": [],
            "id": "30100490-a385-4811-9571-d7f267276d10",
            "load_balancer_info": [],
            "on_premises_instance_tag_filter": [],
            "service_role_arn": "arn:aws:iam::027155467263:role/training-code-deploy-role-20190624024539111500000001",
            "trigger_configuration": []
          },
          "private": "bnVsbA==",
          "depends_on": [
            "aws_codedeploy_app.app",
            "aws_iam_role.training-code-deploy"
          ]
        }
      ]
    },
    {
      "mode": "managed",
      "type": "aws_iam_role",
      "name": "training-code-deploy",
      "provider": "provider.aws",
      "instances": [
        {
          "schema_version": 0,
          "attributes": {
            "arn": "arn:aws:iam::027155467263:role/training-code-deploy-role-20190624024539111500000001",
            "assume_role_policy": "{\"Version\":\"2012-10-17\",\"Statement\":[{\"Sid\":\"\",\"Effect\":\"Allow\",\"Principal\":{\"Service\":\"codedeploy.amazonaws.com\"},\"Action\":\"sts:AssumeRole\"}]}",
            "create_date": "2019-06-24T02:45:40Z",
            "description": "",
            "force_detach_policies": false,
            "id": "training-code-deploy-role-20190624024539111500000001",
            "max_session_duration": 3600,
            "name": "training-code-deploy-role-20190624024539111500000001",
            "name_prefix": "training-code-deploy-role-",
            "path": "/",
            "permissions_boundary": null,
            "tags": {},
            "unique_id": "AROAQMUUXRP7XHLZO6JLU"
          }
        }
      ]
    },
    {
      "mode": "managed",
      "type": "aws_iam_role_policy_attachment",
      "name": "training-code-deploy-policy-attachment",
      "provider": "provider.aws",
      "instances": [
        {
          "schema_version": 0,
          "attributes": {
            "id": "training-code-deploy-role-20190624024539111500000001-20190624024542297800000002",
            "policy_arn": "arn:aws:iam::aws:policy/service-role/AWSCodeDeployRole",
            "role": "training-code-deploy-role-20190624024539111500000001"
          },
          "depends_on": [
            "aws_iam_role.training-code-deploy"
          ]
        }
      ]
    }
  ]
}
